// !$*UTF8*$!
{
	archiveVersion = 1;
	classes = {
	};
	objectVersion = 46;
	objects = {

/* Begin PBXBuildFile section */
		7F4291B619E08D2A00892E55 /* main.m in Sources */ = {isa = PBXBuildFile; fileRef = 7F4291B519E08D2A00892E55 /* main.m */; };
		7F4291BE19E0981900892E55 /* randomPossesions.m in Sources */ = {isa = PBXBuildFile; fileRef = 7F4291BD19E0981900892E55 /* randomPossesions.m */; };
		7FAA615519FB5BE100D5A3B4 /* container.m in Sources */ = {isa = PBXBuildFile; fileRef = 7FAA615419FB5BE100D5A3B4 /* container.m */; };
/* End PBXBuildFile section */

/* Begin PBXCopyFilesBuildPhase section */
		7F4291B019E08D2A00892E55 /* CopyFiles */ = {
			isa = PBXCopyFilesBuildPhase;
			buildActionMask = 2147483647;
			dstPath = /usr/share/man/man1/;
			dstSubfolderSpec = 0;
			files = (
			);
			runOnlyForDeploymentPostprocessing = 1;
		};
/* End PBXCopyFilesBuildPhase section */

/* Begin PBXFileReference section */
		7F4291B219E08D2A00892E55 /* randomPossesionsReview */ = {isa = PBXFileReference; explicitFileType = "compiled.mach-o.executable"; includeInIndex = 0; path = randomPossesionsReview; sourceTree = BUILT_PRODUCTS_DIR; };
		7F4291B519E08D2A00892E55 /* main.m */ = {isa = PBXFileReference; lastKnownFileType = sourcecode.c.objc; path = main.m; sourceTree = "<group>"; };
		7F4291BC19E0981900892E55 /* randomPossesions.h */ = {isa = PBXFileReference; fileEncoding = 4; lastKnownFileType = sourcecode.c.h; path = randomPossesions.h; sourceTree = "<group>"; };
		7F4291BD19E0981900892E55 /* randomPossesions.m */ = {isa = PBXFileReference; fileEncoding = 4; lastKnownFileType = sourcecode.c.objc; path = randomPossesions.m; sourceTree = "<group>"; };
		7FAA615319FB5BE100D5A3B4 /* container.h */ = {isa = PBXFileReference; fileEncoding = 4; lastKnownFileType = sourcecode.c.h; path = container.h; sourceTree = "<group>"; };
		7FAA615419FB5BE100D5A3B4 /* container.m */ = {isa = PBXFileReference; fileEncoding = 4; lastKnownFileType = sourcecode.c.objc; path = container.m; sourceTree = "<group>"; };
/* End PBXFileReference section */

/* Begin PBXFrameworksBuildPhase section */
		7F4291AF19E08D2A00892E55 /* Frameworks */ = {
			isa = PBXFrameworksBuildPhase;
			buildActionMask = 2147483647;
			files = (
			);
			runOnlyForDeploymentPostprocessing = 0;
		};
/* End PBXFrameworksBuildPhase section */

/* Begin PBXGroup section */
		7F4291A919E08D2A00892E55 = {
			isa = PBXGroup;
			children = (
				7F4291B419E08D2A00892E55 /* randomPossesionsReview */,
				7F4291B319E08D2A00892E55 /* Products */,
			);
			sourceTree = "<group>";
		};
		7F4291B319E08D2A00892E55 /* Products */ = {
			isa = PBXGroup;
			children = (
				7F4291B219E08D2A00892E55 /* randomPossesionsReview */,
			);
			name = Products;
			sourceTree = "<group>";
		};
		7F4291B419E08D2A00892E55 /* randomPossesionsReview */ = {
			isa = PBXGroup;
			children = (
				7F4291B519E08D2A00892E55 /* main.m */,
				7F4291BC19E0981900892E55 /* randomPossesions.h */,
				7FAA615319FB5BE100D5A3B4 /* container.h */,
				7FAA615419FB5BE100D5A3B4 /* container.m */,
				7F4291BD19E0981900892E55 /* randomPossesions.m */,
			);
			path = randomPossesionsReview;
			sourceTree = "<group>";
		};
/* End PBXGroup section */

/* Begin PBXNativeTarget section */
		7F4291B119E08D2A00892E55 /* randomPossesionsReview */ = {
			isa = PBXNativeTarget;
			buildConfigurationList = 7F4291B919E08D2A00892E55 /* Build configuration list for PBXNativeTarget "randomPossesionsReview" */;
			buildPhases = (
				7F4291AE19E08D2A00892E55 /* Sources */,
				7F4291AF19E08D2A00892E55 /* Frameworks */,
				7F4291B019E08D2A00892E55 /* CopyFiles */,
			);
			buildRules = (
			);
			dependencies = (
			);
			name = randomPossesionsReview;
			productName = randomPossesionsReview;
			productReference = 7F4291B219E08D2A00892E55 /* randomPossesionsReview */;
			productType = "com.apple.product-type.tool";
		};
/* End PBXNativeTarget section */

/* Begin PBXProject section */
		7F4291AA19E08D2A00892E55 /* Project object */ = {
			isa = PBXProject;
			attributes = {
				LastUpgradeCheck = 0600;
				ORGANIZATIONNAME = "Samuel Argote";
				TargetAttributes = {
					7F4291B119E08D2A00892E55 = {
						CreatedOnToolsVersion = 6.0.1;
					};
				};
			};
			buildConfigurationList = 7F4291AD19E08D2A00892E55 /* Build configuration list for PBXProject "randomPossesionsReview" */;
			compatibilityVersion = "Xcode 3.2";
			developmentRegion = English;
			hasScannedForEncodings = 0;
			knownRegions = (
				en,
			);
			mainGroup = 7F4291A919E08D2A00892E55;
			productRefGroup = 7F4291B319E08D2A00892E55 /* Products */;
			projectDirPath = "";
			projectRoot = "";
			targets = (
				7F4291B119E08D2A00892E55 /* randomPossesionsReview */,
			);
		};
/* End PBXProject section */

/* Begin PBXSourcesBuildPhase section */
		7F4291AE19E08D2A00892E55 /* Sources */ = {
			isa = PBXSourcesBuildPhase;
			buildActionMask = 2147483647;
			files = (
				7FAA615519FB5BE100D5A3B4 /* container.m in Sources */,
				7F4291BE19E0981900892E55 /* randomPossesions.m in Sources */,
				7F4291B619E08D2A00892E55 /* main.m in Sources */,
			);
			runOnlyForDeploymentPostprocessing = 0;
		};
/* End PBXSourcesBuildPhase section */

/* Begin XCBuildConfiguration section */
		7F4291B719E08D2A00892E55 /* Debug */ = {
			isa = XCBuildConfiguration;
			buildSettings = {
				ALWAYS_SEARCH_USER_PATHS = NO;
				CLANG_CXX_LANGUAGE_STANDARD = "gnu++0x";
				CLANG_CXX_LIBRARY = "libc++";
				CLANG_ENABLE_MODULES = YES;
				CLANG_ENABLE_OBJC_ARC = YES;
				CLANG_WARN_BOOL_CONVERSION = YES;
				CLANG_WARN_CONSTANT_CONVERSION = YES;
				CLANG_WARN_DIRECT_OBJC_ISA_USAGE = YES_ERROR;
				CLANG_WARN_EMPTY_BODY = YES;
				CLANG_WARN_ENUM_CONVERSION = YES;
				CLANG_WARN_INT_CONVERSION = YES;
				CLANG_WARN_OBJC_ROOT_CLASS = YES_ERROR;
				CLANG_WARN_UNREACHABLE_CODE = YES;
				CLANG_WARN__DUPLICATE_METHOD_MATCH = YES;
				COPY_PHASE_STRIP = NO;
				ENABLE_STRICT_OBJC_MSGSEND = YES;
				GCC_C_LANGUAGE_STANDARD = gnu99;
				GCC_DYNAMIC_NO_PIC = NO;
				GCC_OPTIMIZATION_LEVEL = 0;
				GCC_PREPROCESSOR_DEFINITIONS = (
					"DEBUG=1",
					"$(inherited)",
				);
				GCC_SYMBOLS_PRIVATE_EXTERN = NO;
				GCC_WARN_64_TO_32_BIT_CONVERSION = YES;
				GCC_WARN_ABOUT_RETURN_TYPE = YES_ERROR;
				GCC_WARN_UNDECLARED_SELECTOR = YES;
				GCC_WARN_UNINITIALIZED_AUTOS = YES_AGGRESSIVE;
				GCC_WARN_UNUSED_FUNCTION = YES;
				GCC_WARN_UNUSED_VARIABLE = YES;
				MACOSX_DEPLOYMENT_TARGET = 10.9;
				MTL_ENABLE_DEBUG_INFO = YES;
				ONLY_ACTIVE_ARCH = YES;
				SDKROOT = macosx;
			};
			name = Debug;
		};
		7F4291B819E08D2A00892E55 /* Release */ = {
			isa = XCBuildConfiguration;
			buildSettings = {
				ALWAYS_SEARCH_USER_PATHS = NO;
				CLANG_CXX_LANGUAGE_STANDARD = "gnu++0x";
				CLANG_CXX_LIBRARY = "libc++";
				CLANG_ENABLE_MODULES = YES;
				CLANG_ENABLE_OBJC_ARC = YES;
				CLANG_WARN_BOOL_CONVERSION = YES;
				CLANG_WARN_CONSTANT_CONVERSION = YES;
				CLANG_WARN_DIRECT_OBJC_ISA_USAGE = YES_ERROR;
				CLANG_WARN_EMPTY_BODY = YES;
				CLANG_WARN_ENUM_CONVERSION = YES;
				CLANG_WARN_INT_CONVERSION = YES;
				CLANG_WARN_OBJC_ROOT_CLASS = YES_ERROR;
				CLANG_WARN_UNREACHABLE_CODE = YES;
				CLANG_WARN__DUPLICATE_METHOD_MATCH = YES;
				COPY_PHASE_STRIP = YES;
				DEBUG_INFORMATION_FORMAT = "dwarf-with-dsym";
				ENABLE_NS_ASSERTIONS = NO;
				ENABLE_STRICT_OBJC_MSGSEND = YES;
				GCC_C_LANGUAGE_STANDARD = gnu99;
				GCC_WARN_64_TO_32_BIT_CONVERSION = YES;
				GCC_WARN_ABOUT_RETURN_TYPE = YES_ERROR;
				GCC_WARN_UNDECLARED_SELECTOR = YES;
				GCC_WARN_UNINITIALIZED_AUTOS = YES_AGGRESSIVE;
				GCC_WARN_UNUSED_FUNCTION = YES;
				GCC_WARN_UNUSED_VARIABLE = YES;
				MACOSX_DEPLOYMENT_TARGET = 10.9;
				MTL_ENABLE_DEBUG_INFO = NO;
				SDKROOT = macosx;
			};
			name = Release;
		};
		7F4291BA19E08D2A00892E55 /* Debug */ = {
			isa = XCBuildConfiguration;
			buildSettings = {
				PRODUCT_NAME = "$(TARGET_NAME)";
			};
			name = Debug;
		};
		7F4291BB19E08D2A00892E55 /* Release */ = {
			isa = XCBuildConfiguration;
			buildSettings = {
				PRODUCT_NAME = "$(TARGET_NAME)";
			};
			name = Release;
		};
/* End XCBuildConfiguration section */

/* Begin XCConfigurationList section */
		7F4291AD19E08D2A00892E55 /* Build configuration list for PBXProject "randomPossesionsReview" */ = {
			isa = XCConfigurationList;
			buildConfigurations = (
				7F4291B719E08D2A00892E55 /* Debug */,
				7F4291B819E08D2A00892E55 /* Release */,
			);
			defaultConfigurationIsVisible = 0;
			defaultConfigurationName = Release;
		};
		7F4291B919E08D2A00892E55 /* Build configuration list for PBXNativeTarget "randomPossesionsReview" */ = {
			isa = XCConfigurationList;
			buildConfigurations = (
				7F4291BA19E08D2A00892E55 /* Debug */,
				7F4291BB19E08D2A00892E55 /* Release */,
			);
			defaultConfigurationIsVisible = 0;
			defaultConfigurationName = Release;
		};
/* End XCConfigurationList section */
	};
	rootObject = 7F4291AA19E08D2A00892E55 /* Project object */;
}
